<?xml version="1.0" encoding="utf-8"?>
<Project ToolsVersion="4.0" xmlns="http://schemas.microsoft.com/developer/msbuild/2003">
  <ItemGroup>
    <FxCompile Include="Resource\Shader\DebugObject.PS.hlsl">
      <Filter>Resource\Shader</Filter>
    </FxCompile>
    <FxCompile Include="Resource\Shader\DebugObject.VS.hlsl">
      <Filter>Resource\Shader</Filter>
    </FxCompile>
    <FxCompile Include="Resource\Shader\Object2d.PS.hlsl">
      <Filter>Resource\Shader</Filter>
    </FxCompile>
    <FxCompile Include="Resource\Shader\Object2d.VS.hlsl">
      <Filter>Resource\Shader</Filter>
    </FxCompile>
    <FxCompile Include="Resource\Shader\SkyBox.PS.hlsl">
      <Filter>Resource\Shader</Filter>
    </FxCompile>
    <FxCompile Include="Resource\Shader\SkyBox.VS.hlsl">
      <Filter>Resource\Shader</Filter>
    </FxCompile>
    <FxCompile Include="Resource\Shader\Object3d.PS.hlsl">
      <Filter>Resource\Shader</Filter>
    </FxCompile>
    <FxCompile Include="Resource\Shader\Object3d.VS.hlsl">
      <Filter>Resource\Shader</Filter>
    </FxCompile>
    <FxCompile Include="Resource\Shader\Particle.PS.hlsl">
      <Filter>Resource\Shader</Filter>
    </FxCompile>
    <FxCompile Include="Resource\Shader\Particle.VS.hlsl">
      <Filter>Resource\Shader</Filter>
    </FxCompile>
    <FxCompile Include="Resource\Shader\OffScreen\CopyImage.PS.hlsl">
      <Filter>Resource\Shader\OffScreen</Filter>
    </FxCompile>
    <FxCompile Include="Resource\Shader\OffScreen\CopyImage.VS.hlsl">
      <Filter>Resource\Shader\OffScreen</Filter>
    </FxCompile>
    <FxCompile Include="Resource\Shader\OffScreen\GrayScale.PS.hlsl">
      <Filter>Resource\Shader\OffScreen</Filter>
    </FxCompile>
    <FxCompile Include="Resource\Shader\OffScreen\OutLine.PS.hlsl">
      <Filter>Resource\Shader\OffScreen</Filter>
    </FxCompile>
    <FxCompile Include="Resource\Shader\OffScreen\Smooth.PS.hlsl">
      <Filter>Resource\Shader\OffScreen</Filter>
    </FxCompile>
    <FxCompile Include="Resource\Shader\OffScreen\Vignette.PS.hlsl">
      <Filter>Resource\Shader\OffScreen</Filter>
    </FxCompile>
  </ItemGroup>
  <ItemGroup>
    <ClCompile Include="main.cpp" />
    <ClCompile Include="Engine\Object\Component\Geometry\Sprite\Sprite.cpp">
      <Filter>Engine\2d\Sprite</Filter>
    </ClCompile>
    <ClCompile Include="Engine\Object\2D\Sprite\SpriteManager.cpp">
      <Filter>Engine\2d\Sprite</Filter>
    </ClCompile>
    <ClCompile Include="Engine\Object\2D\Texture\TextureManager.cpp">
      <Filter>Engine\2d\Sprite</Filter>
    </ClCompile>
    <ClCompile Include="Engine\Object\3D\Camera\Camera.cpp">
      <Filter>Engine\3d\Camera</Filter>
    </ClCompile>
    <ClCompile Include="Engine\Object\3D\Light\DirectionalLight\DirectionalLight.cpp">
      <Filter>Engine\3d\Light</Filter>
    </ClCompile>
    <ClCompile Include="Engine\Object\3D\Light\PointLight\PointLight.cpp">
      <Filter>Engine\3d\Light</Filter>
    </ClCompile>
    <ClCompile Include="Engine\Object\3D\Light\SpotLight\SpotLight.cpp">
      <Filter>Engine\3d\Light</Filter>
    </ClCompile>
    <ClCompile Include="Engine\Object\3D\Model\ModelCommon.cpp">
      <Filter>Engine\3d\Model</Filter>
    </ClCompile>
    <ClCompile Include="Engine\Object\3D\Model\ModelManager.cpp">
      <Filter>Engine\3d\Model</Filter>
    </ClCompile>
    <ClCompile Include="Engine\Object\3D\Mesh\CylinderMesh.cpp">
      <Filter>Engine\3d\Mesh</Filter>
    </ClCompile>
    <ClCompile Include="Engine\Object\3D\Mesh\ModelMesh.cpp">
      <Filter>Engine\3d\Mesh</Filter>
    </ClCompile>
    <ClCompile Include="Engine\Object\3D\Mesh\PlaneMesh.cpp">
      <Filter>Engine\3d\Mesh</Filter>
    </ClCompile>
    <ClCompile Include="Engine\Object\3D\Mesh\MeshType.cpp">
      <Filter>Engine\3d\Mesh</Filter>
    </ClCompile>
    <ClCompile Include="Engine\Object\3D\Mesh\RingMesh.cpp">
      <Filter>Engine\3d\Mesh</Filter>
    </ClCompile>
    <ClCompile Include="Engine\Base\Audio.cpp">
      <Filter>Engine\Base</Filter>
    </ClCompile>
    <ClCompile Include="Engine\Base\DirectXCommon.cpp">
      <Filter>Engine\Base</Filter>
    </ClCompile>
    <ClCompile Include="Engine\Base\View\DSVManager.cpp">
      <Filter>Engine\Base</Filter>
    </ClCompile>
    <ClCompile Include="Engine\Base\ImGuiManager.cpp">
      <Filter>Engine\Base</Filter>
    </ClCompile>
    <ClCompile Include="Engine\Base\Input.cpp">
      <Filter>Engine\Base</Filter>
    </ClCompile>
    <ClCompile Include="Engine\Base\OffScreen.cpp">
      <Filter>Engine\Base</Filter>
    </ClCompile>
    <ClCompile Include="Engine\Base\Renderer.cpp">
      <Filter>Engine\Base</Filter>
    </ClCompile>
    <ClCompile Include="Engine\Base\View\RTVManager.cpp">
      <Filter>Engine\Base</Filter>
    </ClCompile>
    <ClCompile Include="Engine\Base\View\SRVManager.cpp">
      <Filter>Engine\Base</Filter>
    </ClCompile>
    <ClCompile Include="Engine\Base\WinApp.cpp">
      <Filter>Engine\Base</Filter>
    </ClCompile>
    <ClCompile Include="Engine\Other\Log.cpp">
      <Filter>Engine\Other</Filter>
    </ClCompile>
    <ClCompile Include="Engine\Scene\BaseScene.cpp">
      <Filter>Engine\Scene</Filter>
    </ClCompile>
    <ClCompile Include="Engine\Scene\SceneManager.cpp">
      <Filter>Engine\Scene</Filter>
    </ClCompile>
    <ClCompile Include="Application\LevelEditor\LevelDataLoader.cpp">
      <Filter>Application\LevelEditor</Filter>
    </ClCompile>
    <ClCompile Include="Engine\Object\3D\Mesh\MeshBase.cpp">
      <Filter>Engine\3d\Mesh</Filter>
    </ClCompile>
    <ClCompile Include="Engine\Object\3D\Mesh\SphereMesh.cpp">
      <Filter>Engine\3d\Mesh</Filter>
    </ClCompile>
    <ClCompile Include="Engine\Object\3D\Mesh\CubeMesh.cpp">
      <Filter>Engine\3d\Mesh</Filter>
    </ClCompile>
    <ClCompile Include="Engine\Math\Matrix\Matrix4x4.cpp">
      <Filter>Engine\Math\Matrix</Filter>
    </ClCompile>
    <ClCompile Include="Engine\Math\Vector\Vector4.cpp">
      <Filter>Engine\Math\Vector</Filter>
    </ClCompile>
    <ClCompile Include="Engine\Math\Vector\Vector2.cpp">
      <Filter>Engine\Math\Vector</Filter>
    </ClCompile>
    <ClCompile Include="Engine\Math\Vector\Vector3.cpp">
      <Filter>Engine\Math\Vector</Filter>
    </ClCompile>
    <ClCompile Include="Engine\Math\Utility\Clamp.cpp">
      <Filter>Engine\Math\Utility</Filter>
    </ClCompile>
    <ClCompile Include="Engine\Math\Utility\Easing.cpp">
      <Filter>Engine\Math\Utility</Filter>
    </ClCompile>
    <ClCompile Include="Engine\Math\Utility\MakeMatrixMath.cpp">
      <Filter>Engine\Math\Utility</Filter>
    </ClCompile>
    <ClCompile Include="Engine\Math\Utility\Random.cpp">
      <Filter>Engine\Math\Utility</Filter>
    </ClCompile>
    <ClCompile Include="Engine\Object\Component\WorldTransform\WorldTransform.cpp">
      <Filter>Engine\Math\Transform</Filter>
    </ClCompile>
    <ClCompile Include="Engine\Base\Framework.cpp" />
    <ClCompile Include="Engine\Base\Game.cpp" />
    <ClCompile Include="Engine\Base\View\ViewManagerBase.cpp" />
    <ClCompile Include="Engine\Object\Base\GameObject.cpp" />
    <ClCompile Include="Engine\Object\Component\Geometry\Model\Model.cpp" />
    <ClCompile Include="Application\Scene\TestScene.cpp" />
    <ClCompile Include="Engine\Object\Component\Base\ComponentBase.cpp" />
    <ClCompile Include="Engine\Object\3D\Material\ModelMaterial.cpp" />
    <ClCompile Include="Engine\Object\2D\Texture\Texture.cpp" />
    <ClCompile Include="Engine\Object\Base\ObjectManager.cpp" />
    <ClCompile Include="Engine\Object\3D\Camera\CameraManager.cpp" />
    <ClCompile Include="Engine\Object\3D\Light\LightManager.cpp" />
    <ClCompile Include="Engine\Object\Component\Base\ComponentManager.cpp" />
  </ItemGroup>
  <ItemGroup>
    <ClInclude Include="Engine\Object\2D\Sprite\SpriteManager.h">
      <Filter>Engine\2d\Sprite</Filter>
    </ClInclude>
    <ClInclude Include="Engine\Object\Component\Geometry\Sprite\Sprite.h">
      <Filter>Engine\2d\Sprite</Filter>
    </ClInclude>
    <ClInclude Include="Engine\Object\2D\Texture\TextureManager.h">
      <Filter>Engine\2d\Sprite</Filter>
    </ClInclude>
    <ClInclude Include="Engine\Object\3D\Camera\Camera.h">
      <Filter>Engine\3d\Camera</Filter>
    </ClInclude>
    <ClInclude Include="Engine\Object\3D\Light\DirectionalLight\DirectionalLight.h">
      <Filter>Engine\3d\Light</Filter>
    </ClInclude>
    <ClInclude Include="Engine\Object\3D\Light\PointLight\PointLight.h">
      <Filter>Engine\3d\Light</Filter>
    </ClInclude>
    <ClInclude Include="Engine\Object\3D\Light\SpotLight\SpotLight.h">
      <Filter>Engine\3d\Light</Filter>
    </ClInclude>
    <ClInclude Include="Engine\Object\3D\Model\ModelManager.h">
      <Filter>Engine\3d\Model</Filter>
    </ClInclude>
    <ClInclude Include="Engine\Object\3D\Model\ModelCommon.h">
      <Filter>Engine\3d\Model</Filter>
    </ClInclude>
    <ClInclude Include="Engine\Object\3D\Mesh\CylinderMesh.h">
      <Filter>Engine\3d\Mesh</Filter>
    </ClInclude>
    <ClInclude Include="Engine\Object\3D\Mesh\ModelMesh.h">
      <Filter>Engine\3d\Mesh</Filter>
    </ClInclude>
    <ClInclude Include="Engine\Object\3D\Mesh\PlaneMesh.h">
      <Filter>Engine\3d\Mesh</Filter>
    </ClInclude>
    <ClInclude Include="Engine\Object\3D\Mesh\MeshType.h">
      <Filter>Engine\3d\Mesh</Filter>
    </ClInclude>
    <ClInclude Include="Engine\Object\3D\Mesh\RingMesh.h">
      <Filter>Engine\3d\Mesh</Filter>
    </ClInclude>
    <ClInclude Include="Engine\Base\Audio.h">
      <Filter>Engine\Base</Filter>
    </ClInclude>
    <ClInclude Include="Engine\Base\DirectXCommon.h">
      <Filter>Engine\Base</Filter>
    </ClInclude>
    <ClInclude Include="Engine\Base\View\DSVManager.h">
      <Filter>Engine\Base</Filter>
    </ClInclude>
    <ClInclude Include="Engine\Base\ImGuiManager.h">
      <Filter>Engine\Base</Filter>
    </ClInclude>
    <ClInclude Include="Engine\Base\Input.h">
      <Filter>Engine\Base</Filter>
    </ClInclude>
    <ClInclude Include="Engine\Base\LayerType.h">
      <Filter>Engine\Base</Filter>
    </ClInclude>
    <ClInclude Include="Engine\Base\OffScreen.h">
      <Filter>Engine\Base</Filter>
    </ClInclude>
    <ClInclude Include="Engine\Base\Renderer.h">
      <Filter>Engine\Base</Filter>
    </ClInclude>
    <ClInclude Include="Engine\Base\View\RTVManager.h">
      <Filter>Engine\Base</Filter>
    </ClInclude>
    <ClInclude Include="Engine\Base\View\SRVManager.h">
      <Filter>Engine\Base</Filter>
    </ClInclude>
    <ClInclude Include="Engine\Base\WinApp.h">
      <Filter>Engine\Base</Filter>
    </ClInclude>
    <ClInclude Include="Engine\Other\Log.h">
      <Filter>Engine\Other</Filter>
    </ClInclude>
    <ClInclude Include="Engine\Scene\BaseScene.h">
      <Filter>Engine\Scene</Filter>
    </ClInclude>
    <ClInclude Include="Engine\Scene\SceneManager.h">
      <Filter>Engine\Scene</Filter>
    </ClInclude>
    <ClInclude Include="Application\LevelEditor\LevelDataLoader.h">
      <Filter>Application\LevelEditor</Filter>
    </ClInclude>
    <ClInclude Include="Engine\Object\3D\Mesh\MeshBase.h">
      <Filter>Engine\3d\Mesh</Filter>
    </ClInclude>
    <ClInclude Include="Engine\Object\3D\Mesh\SphereMesh.h">
      <Filter>Engine\3d\Mesh</Filter>
    </ClInclude>
    <ClInclude Include="Engine\Object\3D\Mesh\CubeMesh.h">
      <Filter>Engine\3d\Mesh</Filter>
    </ClInclude>
    <ClInclude Include="Application\LevelEditor\ObjectData.h">
      <Filter>Application\LevelEditor</Filter>
    </ClInclude>
    <ClInclude Include="Engine\Math\Matrix\Matrix4x4.h">
      <Filter>Engine\Math\Matrix</Filter>
    </ClInclude>
    <ClInclude Include="Engine\Math\Vector\Vector2.h">
      <Filter>Engine\Math\Vector</Filter>
    </ClInclude>
    <ClInclude Include="Engine\Math\Vector\Vector3.h">
      <Filter>Engine\Math\Vector</Filter>
    </ClInclude>
    <ClInclude Include="Engine\Math\Vector\Vector4.h">
      <Filter>Engine\Math\Vector</Filter>
    </ClInclude>
    <ClInclude Include="Engine\Math\Utility\Clamp.h">
      <Filter>Engine\Math\Utility</Filter>
    </ClInclude>
    <ClInclude Include="Engine\Math\Utility\Easing.h">
      <Filter>Engine\Math\Utility</Filter>
    </ClInclude>
    <ClInclude Include="Engine\Math\Utility\MakeMatrixMath.h">
      <Filter>Engine\Math\Utility</Filter>
    </ClInclude>
    <ClInclude Include="Engine\Math\Utility\Random.h">
      <Filter>Engine\Math\Utility</Filter>
    </ClInclude>
    <ClInclude Include="Engine\Object\Component\WorldTransform\WorldTransform.h">
      <Filter>Engine\Math\Transform</Filter>
    </ClInclude>
    <ClInclude Include="Engine\Math\Shape\Sphere.h">
      <Filter>Engine\Math\Shape</Filter>
    </ClInclude>
    <ClInclude Include="Engine\Math\Shape\AABB.h">
      <Filter>Engine\Math\Shape</Filter>
    </ClInclude>
    <ClInclude Include="Engine\Base\Framework.h" />
    <ClInclude Include="Engine\Base\Game.h" />
    <ClInclude Include="Engine\Base\View\ViewManagerBase.h" />
    <ClInclude Include="Application\Scene\EngineContext.h" />
    <ClInclude Include="Engine\Math\Matrix\TransformationMatrix.h" />
    <ClInclude Include="Engine\Object\Base\GameObject.h" />
    <ClInclude Include="Engine\Object\Base\ObjectTag.h" />
    <ClInclude Include="Engine\Object\Component\Geometry\Model\Model.h" />
    <ClInclude Include="Application\Scene\TestScene.h" />
    <ClInclude Include="Engine\Object\Component\Base\ComponentBase.h" />
    <ClInclude Include="Engine\Object\3D\Material\ModelMaterial.h" />
    <ClInclude Include="Engine\Object\2D\Texture\Texture.h" />
    <ClInclude Include="Engine\Object\Base\ObjectManager.h" />
    <ClInclude Include="Engine\Object\3D\Camera\CameraManager.h" />
    <ClInclude Include="Engine\Object\3D\Light\LightManager.h" />
    <ClInclude Include="Engine\Object\Component\Base\ComponentManager.h" />
    <ClInclude Include="Engine\Object\Component\Base\ComponentList.h" />
  </ItemGroup>
  <ItemGroup>
    <None Include="Resource\Shader\DebugObject.hlsli">
      <Filter>Resource\Shader</Filter>
    </None>
    <None Include="Resource\Shader\Object2d.hlsli">
      <Filter>Resource\Shader</Filter>
    </None>
    <None Include="Resource\Shader\SkyBox.hlsli">
      <Filter>Resource\Shader</Filter>
    </None>
    <None Include="Resource\Shader\Object3d.hlsli">
      <Filter>Resource\Shader</Filter>
    </None>
    <None Include="Resource\Shader\Particle.hlsli">
      <Filter>Resource\Shader</Filter>
    </None>
    <None Include="Resource\Shader\CopyImage.hlsli">
      <Filter>Resource\Shader\OffScreen</Filter>
    </None>
    <None Include="Application\LevelEditor\Python\__init__.py">
      <Filter>Application\LevelEditor\Python</Filter>
    </None>
    <None Include="Application\LevelEditor\Python\add_collider.py">
      <Filter>Application\LevelEditor\Python</Filter>
    </None>
    <None Include="Application\LevelEditor\Python\add_disabled.py">
      <Filter>Application\LevelEditor\Python</Filter>
    </None>
    <None Include="Application\LevelEditor\Python\add_filename.py">
      <Filter>Application\LevelEditor\Python</Filter>
    </None>
    <None Include="Application\LevelEditor\Python\add_objectgroup.py">
      <Filter>Application\LevelEditor\Python</Filter>
    </None>
    <None Include="Application\LevelEditor\Python\collider.py">
      <Filter>Application\LevelEditor\Python</Filter>
    </None>
    <None Include="Application\LevelEditor\Python\create_ico_sphere.py">
      <Filter>Application\LevelEditor\Python</Filter>
    </None>
    <None Include="Application\LevelEditor\Python\disabled.py">
      <Filter>Application\LevelEditor\Python</Filter>
    </None>
    <None Include="Application\LevelEditor\Python\draw_collider.py">
      <Filter>Application\LevelEditor\Python</Filter>
    </None>
    <None Include="Application\LevelEditor\Python\export_scene.py">
      <Filter>Application\LevelEditor\Python</Filter>
    </None>
    <None Include="Application\LevelEditor\Python\file_name.py">
      <Filter>Application\LevelEditor\Python</Filter>
    </None>
    <None Include="Application\LevelEditor\Python\my_menu.py">
      <Filter>Application\LevelEditor\Python</Filter>
    </None>
    <None Include="Application\LevelEditor\Python\objectgroup.py">
      <Filter>Application\LevelEditor\Python</Filter>
    </None>
    <None Include="Application\LevelEditor\Python\stretch_vertex.py">
      <Filter>Application\LevelEditor\Python</Filter>
    </None>
  </ItemGroup>
  <ItemGroup>
    <Filter Include="Application">
      <UniqueIdentifier>{a39ba14c-ed7f-43fe-b925-a4219c00fee7}</UniqueIdentifier>
    </Filter>
    <Filter Include="Engine">
      <UniqueIdentifier>{26cd0f11-87c3-49d5-9ee5-c8f9ef2bba16}</UniqueIdentifier>
    </Filter>
    <Filter Include="Resource">
      <UniqueIdentifier>{bf9e9f7c-1bbe-4006-bdcb-74629ab76848}</UniqueIdentifier>
    </Filter>
    <Filter Include="Engine\2d">
      <UniqueIdentifier>{26237036-1f59-46ff-bddc-e8e800eeed90}</UniqueIdentifier>
    </Filter>
    <Filter Include="Engine\3d">
      <UniqueIdentifier>{1bd5aa5b-51ce-47d8-8964-572e4bdc0d63}</UniqueIdentifier>
    </Filter>
    <Filter Include="Engine\Base">
      <UniqueIdentifier>{406be2ca-5619-4760-9701-23047e28dfe9}</UniqueIdentifier>
    </Filter>
    <Filter Include="Engine\Math">
      <UniqueIdentifier>{a772a0f9-bf24-494d-84a9-7b3a5f4d1ba0}</UniqueIdentifier>
    </Filter>
    <Filter Include="Engine\Other">
      <UniqueIdentifier>{9a6d0676-5ef9-4b38-94b1-2c027d41a153}</UniqueIdentifier>
    </Filter>
    <Filter Include="Engine\2d\Object">
      <UniqueIdentifier>{813c621b-94bf-45a4-84a6-51822cff1950}</UniqueIdentifier>
    </Filter>
    <Filter Include="Engine\2d\Sprite">
      <UniqueIdentifier>{ed19585d-016a-4afa-8e31-7baa698d7045}</UniqueIdentifier>
    </Filter>
    <Filter Include="Engine\3d\Camera">
      <UniqueIdentifier>{0464cd5e-5754-4ccb-a7f6-3707effcc87a}</UniqueIdentifier>
    </Filter>
    <Filter Include="Engine\3d\Light">
      <UniqueIdentifier>{92a4bba3-b6a5-4644-a2e0-eeea25b41b70}</UniqueIdentifier>
    </Filter>
    <Filter Include="Engine\3d\Model">
      <UniqueIdentifier>{08c105d7-0d69-45e6-aeb6-3769afe25022}</UniqueIdentifier>
    </Filter>
    <Filter Include="Engine\3d\Object">
      <UniqueIdentifier>{564b2308-7876-43fb-8b84-4d3bef2d35b7}</UniqueIdentifier>
    </Filter>
    <Filter Include="Engine\3d\Particle">
      <UniqueIdentifier>{be60a85f-cffa-4d81-9411-411f171bddf7}</UniqueIdentifier>
    </Filter>
    <Filter Include="Resource\Shader">
      <UniqueIdentifier>{023dcf07-239e-4fc2-945a-d5fb591adbb2}</UniqueIdentifier>
    </Filter>
    <Filter Include="Application\Scene">
      <UniqueIdentifier>{b9fcfa0e-d519-43be-822e-98656a33663b}</UniqueIdentifier>
    </Filter>
    <Filter Include="Engine\Scene">
      <UniqueIdentifier>{431be695-e6d4-48ba-bca0-9cebffb1c700}</UniqueIdentifier>
    </Filter>
    <Filter Include="Application\LevelEditor">
      <UniqueIdentifier>{36c8042a-cbf9-46f7-9bf6-50a7404d3b09}</UniqueIdentifier>
    </Filter>
    <Filter Include="Resource\Shader\OffScreen">
      <UniqueIdentifier>{445dd1d6-0f0b-41db-a871-5fae2c2ebbd9}</UniqueIdentifier>
    </Filter>
    <Filter Include="Engine\3d\Mesh">
      <UniqueIdentifier>{4b1ecc41-f624-4227-910d-ff9e8e6c5d31}</UniqueIdentifier>
    </Filter>
    <Filter Include="Application\LevelEditor\Python">
      <UniqueIdentifier>{ff0bdec3-f368-4996-962b-c1daceca313b}</UniqueIdentifier>
    </Filter>
    <Filter Include="Application\Effect">
      <UniqueIdentifier>{28ddd1d7-bc1d-4203-817b-cae237efe533}</UniqueIdentifier>
    </Filter>
    <Filter Include="Application\Object">
      <UniqueIdentifier>{5b285ed3-207f-4064-af11-8065ea255cd5}</UniqueIdentifier>
    </Filter>
    <Filter Include="Application\Effect\Fade">
      <UniqueIdentifier>{0963c5a7-d809-451d-8551-d24adee757bb}</UniqueIdentifier>
    </Filter>
    <Filter Include="Application\Effect\Flash">
      <UniqueIdentifier>{e981b8d0-9023-43e5-8978-ac1b6c7b71c8}</UniqueIdentifier>
    </Filter>
    <Filter Include="Application\Effect\Manager">
      <UniqueIdentifier>{490d2faf-e8fd-4581-b61f-94504acd6da1}</UniqueIdentifier>
    </Filter>
    <Filter Include="Application\Effect\Shake">
      <UniqueIdentifier>{cece3b6c-1e73-4e74-8d9d-1e60fca4d863}</UniqueIdentifier>
    </Filter>
    <Filter Include="Application\Object\Bullet">
      <UniqueIdentifier>{b2ec3575-95d8-4f6b-9eed-066154c1a346}</UniqueIdentifier>
    </Filter>
    <Filter Include="Application\Object\Camera">
      <UniqueIdentifier>{2ca2a20e-b091-40e9-baf5-40592995d27a}</UniqueIdentifier>
    </Filter>
    <Filter Include="Application\Object\Enemy">
      <UniqueIdentifier>{629ad8ae-f54a-4d8b-86af-1617fe5ecbe9}</UniqueIdentifier>
    </Filter>
    <Filter Include="Application\Object\Ground">
      <UniqueIdentifier>{5ac4747f-252b-4240-8029-b712f904bbc7}</UniqueIdentifier>
    </Filter>
    <Filter Include="Application\Object\Player">
      <UniqueIdentifier>{8d9131b7-3029-409d-af63-99e26579618c}</UniqueIdentifier>
    </Filter>
    <Filter Include="Application\Object\Manager">
      <UniqueIdentifier>{9cb33a09-27e5-4cf0-9189-7e65cf2c9459}</UniqueIdentifier>
    </Filter>
    <Filter Include="Application\Object\Shadow">
      <UniqueIdentifier>{d6d6b9ee-a43e-48f2-a412-711b7709b047}</UniqueIdentifier>
    </Filter>
    <Filter Include="Application\Object\Bullet\Core">
      <UniqueIdentifier>{5f651021-875d-4691-a266-4ea372e7bfda}</UniqueIdentifier>
    </Filter>
    <Filter Include="Application\Object\Bullet\Enemy">
      <UniqueIdentifier>{edde3e84-4bd7-43ae-bbb0-5fd80b422ca2}</UniqueIdentifier>
    </Filter>
    <Filter Include="Application\Object\Bullet\Player">
      <UniqueIdentifier>{52537d20-9350-4e79-aab6-be81a0e70a45}</UniqueIdentifier>
    </Filter>
    <Filter Include="Application\Object\Enemy\State">
      <UniqueIdentifier>{b08b464e-307d-44bb-94d7-179058a3015b}</UniqueIdentifier>
    </Filter>
    <Filter Include="Application\Object\Player\State">
      <UniqueIdentifier>{35862e50-cfe8-44f1-ad64-d79410a9e472}</UniqueIdentifier>
    </Filter>
    <Filter Include="Application\Object\Player\State\AttackState">
      <UniqueIdentifier>{787e3ed0-6e5b-4889-8fb7-050e6d8eff48}</UniqueIdentifier>
    </Filter>
    <Filter Include="Application\Object\Player\State\MovementState">
      <UniqueIdentifier>{3e03349d-13fc-4103-9e99-f0d53e18deb2}</UniqueIdentifier>
    </Filter>
    <Filter Include="Application\Scene\GameScene">
      <UniqueIdentifier>{37b4b5ba-68cc-456f-b24d-a0962fdcc5b2}</UniqueIdentifier>
    </Filter>
    <Filter Include="Application\Scene\GameScene\Event">
      <UniqueIdentifier>{388189a3-da38-4e0d-af38-c4b40488ff9c}</UniqueIdentifier>
    </Filter>
    <Filter Include="Engine\3d\Collider">
      <UniqueIdentifier>{73b0e180-31e9-47b6-b4a2-3756d510669e}</UniqueIdentifier>
    </Filter>
    <Filter Include="Engine\Math\Matrix">
      <UniqueIdentifier>{4d34d790-5ce4-436a-8c0c-c287c04ef5fd}</UniqueIdentifier>
    </Filter>
    <Filter Include="Engine\Math\Shape">
      <UniqueIdentifier>{4a50e410-a9ff-465c-abea-4934e38be436}</UniqueIdentifier>
    </Filter>
    <Filter Include="Engine\Math\Transform">
      <UniqueIdentifier>{9efa0710-6107-4450-9f7c-d163316559c6}</UniqueIdentifier>
    </Filter>
    <Filter Include="Engine\Math\Utility">
      <UniqueIdentifier>{b8909e22-9d89-48bb-9ae9-bea4465bdbcd}</UniqueIdentifier>
    </Filter>
    <Filter Include="Engine\Math\Vector">
      <UniqueIdentifier>{f9a80f60-fb57-49e1-b27f-ddc66cd68d89}</UniqueIdentifier>
    </Filter>
  </ItemGroup>
</Project>