<?xml version="1.0" encoding="utf-8"?>
<Project ToolsVersion="4.0" xmlns="http://schemas.microsoft.com/developer/msbuild/2003">
  <ItemGroup>
    <FxCompile Include="Resource\Shader\OffScreen\CopyImage.PS.hlsl" />
    <FxCompile Include="Resource\Shader\OffScreen\CopyImage.VS.hlsl" />
    <FxCompile Include="Resource\Shader\DebugObject.PS.hlsl" />
    <FxCompile Include="Resource\Shader\DebugObject.VS.hlsl" />
    <FxCompile Include="Resource\Shader\OffScreen\GrayScale.PS.hlsl" />
    <FxCompile Include="Resource\Shader\OffScreen\GrayScale.VS.hlsl" />
    <FxCompile Include="Resource\Shader\Object2d.PS.hlsl" />
    <FxCompile Include="Resource\Shader\Object2d.VS.hlsl" />
    <FxCompile Include="Resource\Shader\Object3d.PS.hlsl" />
    <FxCompile Include="Resource\Shader\Object3d.VS.hlsl" />
    <FxCompile Include="Resource\Shader\OffScreen\OutLine.PS.hlsl" />
    <FxCompile Include="Resource\Shader\OffScreen\OutLine.VS.hlsl" />
    <FxCompile Include="Resource\Shader\Particle.PS.hlsl" />
    <FxCompile Include="Resource\Shader\Particle.VS.hlsl" />
    <FxCompile Include="Resource\Shader\SkyBox.PS.hlsl" />
    <FxCompile Include="Resource\Shader\SkyBox.VS.hlsl" />
    <FxCompile Include="Resource\Shader\OffScreen\Smooth.PS.hlsl" />
    <FxCompile Include="Resource\Shader\OffScreen\Smooth.VS.hlsl" />
    <FxCompile Include="Resource\Shader\OffScreen\Vignette.PS.hlsl" />
    <FxCompile Include="Resource\Shader\OffScreen\Vignette.VS.hlsl" />
  </ItemGroup>
  <ItemGroup>
    <ClCompile Include="Engine\3d\Collider\AABBCollider.cpp" />
    <ClCompile Include="Engine\3d\Collider\Collider.cpp" />
    <ClCompile Include="Engine\3d\Collider\ColliderManager.cpp" />
    <ClCompile Include="Application\Enemy\Enemy.cpp" />
    <ClCompile Include="Application\Enemy\EnemyManager.cpp" />
    <ClCompile Include="Engine\3d\Object\DebugObject3D.cpp" />
    <ClCompile Include="Engine\3d\Primitive\Ball.cpp" />
    <ClCompile Include="Engine\Base\DSVManager.cpp" />
    <ClCompile Include="Engine\3d\Primitive\Cylinder.cpp" />
    <ClCompile Include="Engine\3d\Particle\EmitterGroup.cpp" />
    <ClCompile Include="Application\Bullet\BulletBase.cpp" />
    <ClCompile Include="Application\Bullet\BulletManager.cpp" />
    <ClCompile Include="Engine\2d\Sprite\Sprite.cpp" />
    <ClCompile Include="Engine\2d\Sprite\SpriteCommon.cpp" />
    <ClCompile Include="Engine\3d\Model\Model.cpp" />
    <ClCompile Include="Engine\3d\Model\ModelCommon.cpp" />
    <ClCompile Include="Engine\3d\Object\Object3D.cpp" />
    <ClCompile Include="Engine\3d\Object\Object3DCommon.cpp" />
    <ClCompile Include="Engine\Base\Audio.cpp" />
    <ClCompile Include="Engine\3d\Camera\Camera.cpp" />
    <ClCompile Include="Engine\Base\DirectXCommon.cpp" />
    <ClCompile Include="Engine\Base\ImGuiManager.cpp" />
    <ClCompile Include="Engine\Base\Input.cpp" />
    <ClCompile Include="Engine\3d\Model\ModelManager.cpp" />
    <ClCompile Include="Engine\3d\Particle\ParticleManager.cpp" />
    <ClCompile Include="Engine\Base\SrvManager.cpp" />
    <ClCompile Include="Engine\2d\Sprite\TextureManager.cpp" />
    <ClCompile Include="Engine\Base\WinApp.cpp" />
    <ClCompile Include="Engine\3d\Light\DirectionalLight.cpp" />
    <ClCompile Include="Engine\3d\Object\DebugLine.cpp" />
    <ClCompile Include="Engine\3d\Object\DebugObjectCommon.cpp" />
    <ClCompile Include="Engine\Math\Clamp.cpp" />
    <ClCompile Include="Engine\Math\Random.cpp" />
    <ClCompile Include="Application\Camera\FollowCamera.cpp" />
    <ClCompile Include="Application\Bullet\JetBullet.cpp" />
    <ClCompile Include="main.cpp" />
    <ClCompile Include="Engine\Math\Easing.cpp" />
    <ClCompile Include="Engine\Math\MakeMatrixMath.cpp" />
    <ClCompile Include="Engine\Math\Matrix4x4.cpp" />
    <ClCompile Include="Engine\Math\Vector2.cpp" />
    <ClCompile Include="Engine\Math\Vector3.cpp" />
    <ClCompile Include="Engine\Math\Vector4.cpp" />
    <ClCompile Include="Engine\2d\Object\Object2D.cpp" />
    <ClCompile Include="Engine\2d\Object\Object2DCommon.cpp" />
    <ClCompile Include="Engine\Other\Log.cpp" />
    <ClCompile Include="Engine\3d\Light\PointLight.cpp" />
    <ClCompile Include="Engine\3d\Particle\ParticleCommon.cpp" />
    <ClCompile Include="Engine\Base\Renderer.cpp" />
    <ClCompile Include="Engine\Base\OffScreen.cpp" />
    <ClCompile Include="Engine\Base\RTVManager.cpp" />
    <ClCompile Include="Engine\3d\Particle\ParticleEmitter.cpp" />
    <ClCompile Include="Engine\3d\Primitive\Plane.cpp" />
    <ClCompile Include="Engine\3d\Primitive\PrimitiveBase.cpp" />
    <ClCompile Include="Engine\3d\Primitive\Ring.cpp" />
    <ClCompile Include="Engine\3d\Primitive\ModelMesh.cpp" />
    <ClCompile Include="Engine\3d\Primitive\PrimitiveType.cpp" />
    <ClCompile Include="Application\Player\Reticle.cpp" />
    <ClCompile Include="Application\Scene\ParticleEditorScene.cpp" />
    <ClCompile Include="Application\Player\Player.cpp" />
    <ClCompile Include="Engine\Scene\BaseScene.cpp" />
    <ClCompile Include="Application\Scene\GameScene.cpp" />
    <ClCompile Include="Engine\Scene\SceneManager.cpp" />
    <ClCompile Include="Engine\2d\Sprite\SpriteManager.cpp" />
    <ClCompile Include="Engine\Math\WorldTransform.cpp" />
    <ClCompile Include="Engine\3d\Light\SpotLight.cpp" />
    <ClCompile Include="Engine\3d\Collider\SphereCollider.cpp" />
    <ClCompile Include="Application\Bullet\TankBullet.cpp" />
    <ClCompile Include="Engine\3d\Object\SkyBox.cpp" />
    <ClCompile Include="Engine\3d\Object\SkyBoxCommon.cpp" />
    <ClCompile Include="Application\LevelEditor\LevelDataLoader.cpp" />
  </ItemGroup>
  <ItemGroup>
    <ClInclude Include="Engine\3d\Collider\AABBCollider.h" />
    <ClInclude Include="Engine\3d\Collider\Collider.h" />
    <ClInclude Include="Engine\3d\Collider\ColliderManager.h" />
    <ClInclude Include="Application\Enemy\Enemy.h" />
    <ClInclude Include="Application\Enemy\EnemyManager.h" />
    <ClInclude Include="Engine\3d\Object\DebugObject3D.h" />
    <ClInclude Include="Engine\3d\Primitive\Ball.h" />
    <ClInclude Include="Engine\Base\DSVManager.h" />
    <ClInclude Include="Engine\3d\Primitive\Cylinder.h" />
    <ClInclude Include="Engine\3d\Particle\EmitterGroup.h" />
    <ClInclude Include="Application\Bullet\BulletBase.h" />
    <ClInclude Include="Application\Bullet\BulletManager.h" />
    <ClInclude Include="Engine\2d\Sprite\Sprite.h" />
    <ClInclude Include="Engine\2d\Sprite\SpriteCommon.h" />
    <ClInclude Include="Engine\Base\LayerType.h" />
    <ClInclude Include="Engine\3d\Model\Model.h" />
    <ClInclude Include="Engine\3d\Model\ModelCommon.h" />
    <ClInclude Include="Engine\3d\Object\Object3D.h" />
    <ClInclude Include="Engine\3d\Object\Object3DCommon.h" />
    <ClInclude Include="Engine\Base\Audio.h" />
    <ClInclude Include="Engine\3d\Camera\Camera.h" />
    <ClInclude Include="Engine\Base\DirectXCommon.h" />
    <ClInclude Include="Engine\Base\ImGuiManager.h" />
    <ClInclude Include="Engine\Base\Input.h" />
    <ClInclude Include="Engine\3d\Model\ModelManager.h" />
    <ClInclude Include="Engine\3d\Particle\ParticleManager.h" />
    <ClInclude Include="Engine\Base\SrvManager.h" />
    <ClInclude Include="Engine\2d\Sprite\TextureManager.h" />
    <ClInclude Include="Engine\Base\WinApp.h" />
    <ClInclude Include="Engine\3d\Light\DirectionalLight.h" />
    <ClInclude Include="Engine\3d\Object\DebugLine.h" />
    <ClInclude Include="Engine\3d\Object\DebugObjectCommon.h" />
    <ClInclude Include="Engine\Math\AABB.h" />
    <ClInclude Include="Engine\Math\Clamp.h" />
    <ClInclude Include="Engine\Math\Easing.h" />
    <ClInclude Include="Engine\Math\MakeMatrixMath.h" />
    <ClInclude Include="Engine\Math\Matrix4x4.h" />
    <ClInclude Include="Engine\Math\Random.h" />
    <ClInclude Include="Engine\Math\Sphere.h" />
    <ClInclude Include="Engine\Math\Vector2.h" />
    <ClInclude Include="Engine\Math\Vector3.h" />
    <ClInclude Include="Engine\Math\Vector4.h" />
    <ClInclude Include="Engine\2d\Object\Object2D.h" />
    <ClInclude Include="Engine\2d\Object\Object2DCommon.h" />
    <ClInclude Include="Engine\Other\Log.h" />
    <ClInclude Include="Engine\3d\Light\PointLight.h" />
    <ClInclude Include="Engine\3d\Particle\ParticleCommon.h" />
    <ClInclude Include="Engine\Base\Renderer.h" />
    <ClInclude Include="Engine\Base\OffScreen.h" />
    <ClInclude Include="Engine\Base\RTVManager.h" />
    <ClInclude Include="Engine\3d\Particle\ParticleEmitter.h" />
    <ClInclude Include="Engine\3d\Primitive\Plane.h" />
    <ClInclude Include="Engine\3d\Primitive\PrimitiveBase.h" />
    <ClInclude Include="Engine\3d\Primitive\Ring.h" />
    <ClInclude Include="Engine\3d\Primitive\ModelMesh.h" />
    <ClInclude Include="Engine\3d\Primitive\PrimitiveType.h" />
    <ClInclude Include="Application\Camera\FollowCamera.h" />
    <ClInclude Include="Application\Player\Reticle.h" />
    <ClInclude Include="Application\Bullet\JetBullet.h" />
    <ClInclude Include="Engine\Math\KeyFrameQuaternion.h" />
    <ClInclude Include="Engine\Math\KeyFrameVector3.h" />
    <ClInclude Include="Engine\Math\Quaternion.h" />
    <ClInclude Include="Application\Scene\ParticleEditorScene.h" />
    <ClInclude Include="Application\Player\Player.h" />
    <ClInclude Include="Engine\Scene\BaseScene.h" />
    <ClInclude Include="Application\Scene\GameScene.h" />
    <ClInclude Include="Engine\Scene\SceneManager.h" />
    <ClInclude Include="Engine\2d\Sprite\SpriteManager.h" />
    <ClInclude Include="Engine\Math\WorldTransform.h" />
    <ClInclude Include="Engine\3d\Light\SpotLight.h" />
    <ClInclude Include="Engine\3d\Collider\SphereCollider.h" />
    <ClInclude Include="Application\Bullet\TankBullet.h" />
    <ClInclude Include="Engine\3d\Object\SkyBox.h" />
    <ClInclude Include="Engine\3d\Object\SkyBoxCommon.h" />
    <ClInclude Include="Application\LevelEditor\LevelDataLoader.h" />
  </ItemGroup>
  <ItemGroup>
    <None Include="Application\LevelEditor\add_collider.py" />
    <None Include="Application\LevelEditor\add_filename.py" />
    <None Include="Application\LevelEditor\collider.py" />
    <None Include="Application\LevelEditor\create_ico_sphere.py" />
    <None Include="Application\LevelEditor\draw_collider.py" />
    <None Include="Application\LevelEditor\export_scene.py" />
    <None Include="Application\LevelEditor\file_name.py" />
    <None Include="Application\LevelEditor\my_menu.py" />
    <None Include="Application\LevelEditor\stretch_vertex.py" />
    <None Include="Application\LevelEditor\__init__.py" />
    <None Include="Resource\Shader\CopyImage.hlsli" />
    <None Include="Resource\Shader\DebugObject.hlsli" />
    <None Include="Resource\Shader\OffScreen\GrayScale.hlsli" />
    <None Include="Resource\Shader\Object2d.hlsli" />
    <None Include="Resource\Shader\Object3d.hlsli" />
    <None Include="Resource\Shader\OffScreen\OutLine.hlsli" />
    <None Include="Resource\Shader\Particle.hlsli" />
    <None Include="Resource\Shader\SkyBox.hlsli" />
    <None Include="Resource\Shader\OffScreen\Smooth.hlsli" />
    <None Include="Resource\Shader\OffScreen\Vignette.hlsli" />
  </ItemGroup>
</Project>